
Microsoft Visual Studio Solution File, Format Version 12.00
# Visual Studio Version 17
VisualStudioVersion = 17.4.33110.190
MinimumVisualStudioVersion = 10.0.40219.1
Project("{9A19103F-16F7-4668-BE54-9A1E7A4F7556}") = "BeerMug.View", "BeerMug.View\BeerMug.View.csproj", "{D5859BD7-B95D-4DE0-BF72-334486990B72}"
EndProject
Project("{9A19103F-16F7-4668-BE54-9A1E7A4F7556}") = "BeerMug.Model", "BeerMug.Model\BeerMug.Model.csproj", "{9B576ECC-506D-4089-9483-BD982E9C4383}"
EndProject
Project("{9A19103F-16F7-4668-BE54-9A1E7A4F7556}") = "KompasConnector", "KompasConnector\KompasConnector.csproj", "{AE131C78-52BF-4BD4-A6EA-FB4ED9C7AB3A}"
EndProject
Project("{9A19103F-16F7-4668-BE54-9A1E7A4F7556}") = "BeerMug.Test", "BeerMug.Test\BeerMug.Test.csproj", "{AA4BC7A3-2881-430B-A383-68E9258D930F}"
EndProject
Global
	GlobalSection(SolutionConfigurationPlatforms) = preSolution
		Debug|Any CPU = Debug|Any CPU
		Release|Any CPU = Release|Any CPU
	EndGlobalSection
	GlobalSection(ProjectConfigurationPlatforms) = postSolution
		{D5859BD7-B95D-4DE0-BF72-334486990B72}.Debug|Any CPU.ActiveCfg = Debug|Any CPU
		{D5859BD7-B95D-4DE0-BF72-334486990B72}.Debug|Any CPU.Build.0 = Debug|Any CPU
		{D5859BD7-B95D-4DE0-BF72-334486990B72}.Release|Any CPU.ActiveCfg = Release|Any CPU
		{D5859BD7-B95D-4DE0-BF72-334486990B72}.Release|Any CPU.Build.0 = Release|Any CPU
		{9B576ECC-506D-4089-9483-BD982E9C4383}.Debug|Any CPU.ActiveCfg = Debug|Any CPU
		{9B576ECC-506D-4089-9483-BD982E9C4383}.Debug|Any CPU.Build.0 = Debug|Any CPU
		{9B576ECC-506D-4089-9483-BD982E9C4383}.Release|Any CPU.ActiveCfg = Release|Any CPU
		{9B576ECC-506D-4089-9483-BD982E9C4383}.Release|Any CPU.Build.0 = Release|Any CPU
		{AE131C78-52BF-4BD4-A6EA-FB4ED9C7AB3A}.Debug|Any CPU.ActiveCfg = Debug|Any CPU
		{AE131C78-52BF-4BD4-A6EA-FB4ED9C7AB3A}.Debug|Any CPU.Build.0 = Debug|Any CPU
		{AE131C78-52BF-4BD4-A6EA-FB4ED9C7AB3A}.Release|Any CPU.ActiveCfg = Release|Any CPU
		{AE131C78-52BF-4BD4-A6EA-FB4ED9C7AB3A}.Release|Any CPU.Build.0 = Release|Any CPU
		{AA4BC7A3-2881-430B-A383-68E9258D930F}.Debug|Any CPU.ActiveCfg = Debug|Any CPU
		{AA4BC7A3-2881-430B-A383-68E9258D930F}.Debug|Any CPU.Build.0 = Debug|Any CPU
		{AA4BC7A3-2881-430B-A383-68E9258D930F}.Release|Any CPU.ActiveCfg = Release|Any CPU
		{AA4BC7A3-2881-430B-A383-68E9258D930F}.Release|Any CPU.Build.0 = Release|Any CPU
	EndGlobalSection
	GlobalSection(SolutionProperties) = preSolution
		HideSolutionNode = FALSE
	EndGlobalSection
	GlobalSection(ExtensibilityGlobals) = postSolution
		SolutionGuid = {6AAB66DD-23DF-4F0C-A170-4CC21F616655}
	EndGlobalSection
EndGlobal
