
Microsoft Visual Studio Solution File, Format Version 12.00
# Visual Studio Version 17
VisualStudioVersion = 17.4.33110.190
MinimumVisualStudioVersion = 10.0.40219.1
Project("{FAE04EC0-301F-11D3-BF4B-00C04F79EFBC}") = "BeerMug.View", "BeerMug.View\BeerMug.View.csproj", "{8B5E7A54-2F6A-4505-A83A-6ABFE2C28EB2}"
EndProject
Project("{FAE04EC0-301F-11D3-BF4B-00C04F79EFBC}") = "BeerMug.Model", "BeerMug.Model\BeerMug.Model.csproj", "{EB956792-3433-4C66-9EA2-5EB2E1881D0F}"
EndProject
Global
	GlobalSection(SolutionConfigurationPlatforms) = preSolution
		Debug|Any CPU = Debug|Any CPU
		Release|Any CPU = Release|Any CPU
	EndGlobalSection
	GlobalSection(ProjectConfigurationPlatforms) = postSolution
		{8B5E7A54-2F6A-4505-A83A-6ABFE2C28EB2}.Debug|Any CPU.ActiveCfg = Debug|Any CPU
		{8B5E7A54-2F6A-4505-A83A-6ABFE2C28EB2}.Debug|Any CPU.Build.0 = Debug|Any CPU
		{8B5E7A54-2F6A-4505-A83A-6ABFE2C28EB2}.Release|Any CPU.ActiveCfg = Release|Any CPU
		{8B5E7A54-2F6A-4505-A83A-6ABFE2C28EB2}.Release|Any CPU.Build.0 = Release|Any CPU
		{EB956792-3433-4C66-9EA2-5EB2E1881D0F}.Debug|Any CPU.ActiveCfg = Debug|Any CPU
		{EB956792-3433-4C66-9EA2-5EB2E1881D0F}.Debug|Any CPU.Build.0 = Debug|Any CPU
		{EB956792-3433-4C66-9EA2-5EB2E1881D0F}.Release|Any CPU.ActiveCfg = Release|Any CPU
		{EB956792-3433-4C66-9EA2-5EB2E1881D0F}.Release|Any CPU.Build.0 = Release|Any CPU
	EndGlobalSection
	GlobalSection(SolutionProperties) = preSolution
		HideSolutionNode = FALSE
	EndGlobalSection
	GlobalSection(ExtensibilityGlobals) = postSolution
		SolutionGuid = {6E84985E-A1E5-436D-8D53-45F30930332C}
	EndGlobalSection
EndGlobal
